
Microsoft Visual Studio Solution File, Format Version 12.00
# Visual Studio 15
VisualStudioVersion = 15.0.28307.329
MinimumVisualStudioVersion = 10.0.40219.1
Project("{FAE04EC0-301F-11D3-BF4B-00C04F79EFBC}") = "Barista1", "Barista1\Barista1.csproj", "{51EAA25C-714B-4CCF-A2C8-C9FA7851A46A}"
EndProject
Project("{54435603-DBB4-11D2-8724-00A0C9A8B90C}") = "Barista", "Barista\Barista.vdproj", "{37FB0C43-5264-4796-A568-77FF73FB0826}"
EndProject
Global
	GlobalSection(SolutionConfigurationPlatforms) = preSolution
		Debug|Any CPU = Debug|Any CPU
		Release|Any CPU = Release|Any CPU
	EndGlobalSection
	GlobalSection(ProjectConfigurationPlatforms) = postSolution
		{51EAA25C-714B-4CCF-A2C8-C9FA7851A46A}.Debug|Any CPU.ActiveCfg = Debug|Any CPU
		{51EAA25C-714B-4CCF-A2C8-C9FA7851A46A}.Debug|Any CPU.Build.0 = Debug|Any CPU
		{51EAA25C-714B-4CCF-A2C8-C9FA7851A46A}.Release|Any CPU.ActiveCfg = Release|Any CPU
		{51EAA25C-714B-4CCF-A2C8-C9FA7851A46A}.Release|Any CPU.Build.0 = Release|Any CPU
		{37FB0C43-5264-4796-A568-77FF73FB0826}.Debug|Any CPU.ActiveCfg = Debug
		{37FB0C43-5264-4796-A568-77FF73FB0826}.Release|Any CPU.ActiveCfg = Release
	EndGlobalSection
	GlobalSection(SolutionProperties) = preSolution
		HideSolutionNode = FALSE
	EndGlobalSection
	GlobalSection(ExtensibilityGlobals) = postSolution
		SolutionGuid = {6EA4056D-8E66-4D05-9B97-07FF840DB5CD}
	EndGlobalSection
EndGlobal
